// !$*UTF8*$!
{
	archiveVersion = 1;
	classes = {
	};
	objectVersion = 50;
	objects = {

/* Begin PBXBuildFile section */
		1A4884C220C68DA500B42A09 /* AppDelegate.swift in Sources */ = {isa = PBXBuildFile; fileRef = 1A4884C120C68DA500B42A09 /* AppDelegate.swift */; };
		1A4884C420C68DA500B42A09 /* ViewController.swift in Sources */ = {isa = PBXBuildFile; fileRef = 1A4884C320C68DA500B42A09 /* ViewController.swift */; };
		1A4884C720C68DA500B42A09 /* Main.storyboard in Resources */ = {isa = PBXBuildFile; fileRef = 1A4884C520C68DA500B42A09 /* Main.storyboard */; };
		1A4884C920C68DA600B42A09 /* Assets.xcassets in Resources */ = {isa = PBXBuildFile; fileRef = 1A4884C820C68DA600B42A09 /* Assets.xcassets */; };
		1A4884CC20C68DA600B42A09 /* LaunchScreen.storyboard in Resources */ = {isa = PBXBuildFile; fileRef = 1A4884CA20C68DA600B42A09 /* LaunchScreen.storyboard */; };
		1A4884D720C68DA600B42A09 /* TipsyTipCalculatorTests.swift in Sources */ = {isa = PBXBuildFile; fileRef = 1A4884D620C68DA600B42A09 /* TipsyTipCalculatorTests.swift */; };
		1A4884E420C7396F00B42A09 /* TipCalcBrains.swift in Sources */ = {isa = PBXBuildFile; fileRef = 1A4884E320C7396F00B42A09 /* TipCalcBrains.swift */; };
/* End PBXBuildFile section */

/* Begin PBXContainerItemProxy section */
		1A4884D320C68DA600B42A09 /* PBXContainerItemProxy */ = {
			isa = PBXContainerItemProxy;
			containerPortal = 1A4884B620C68DA500B42A09 /* Project object */;
			proxyType = 1;
			remoteGlobalIDString = 1A4884BD20C68DA500B42A09;
			remoteInfo = TipsyTipCalculator;
		};
/* End PBXContainerItemProxy section */

/* Begin PBXFileReference section */
		1A4884BE20C68DA500B42A09 /* TipsyTipCalculator.app */ = {isa = PBXFileReference; explicitFileType = wrapper.application; includeInIndex = 0; path = TipsyTipCalculator.app; sourceTree = BUILT_PRODUCTS_DIR; };
		1A4884C120C68DA500B42A09 /* AppDelegate.swift */ = {isa = PBXFileReference; lastKnownFileType = sourcecode.swift; path = AppDelegate.swift; sourceTree = "<group>"; };
		1A4884C320C68DA500B42A09 /* ViewController.swift */ = {isa = PBXFileReference; lastKnownFileType = sourcecode.swift; path = ViewController.swift; sourceTree = "<group>"; };
		1A4884C620C68DA500B42A09 /* Base */ = {isa = PBXFileReference; lastKnownFileType = file.storyboard; name = Base; path = Base.lproj/Main.storyboard; sourceTree = "<group>"; };
		1A4884C820C68DA600B42A09 /* Assets.xcassets */ = {isa = PBXFileReference; lastKnownFileType = folder.assetcatalog; path = Assets.xcassets; sourceTree = "<group>"; };
		1A4884CB20C68DA600B42A09 /* Base */ = {isa = PBXFileReference; lastKnownFileType = file.storyboard; name = Base; path = Base.lproj/LaunchScreen.storyboard; sourceTree = "<group>"; };
		1A4884CD20C68DA600B42A09 /* Info.plist */ = {isa = PBXFileReference; lastKnownFileType = text.plist.xml; path = Info.plist; sourceTree = "<group>"; };
		1A4884D220C68DA600B42A09 /* TipsyTipCalculatorTests.xctest */ = {isa = PBXFileReference; explicitFileType = wrapper.cfbundle; includeInIndex = 0; path = TipsyTipCalculatorTests.xctest; sourceTree = BUILT_PRODUCTS_DIR; };
		1A4884D620C68DA600B42A09 /* TipsyTipCalculatorTests.swift */ = {isa = PBXFileReference; lastKnownFileType = sourcecode.swift; path = TipsyTipCalculatorTests.swift; sourceTree = "<group>"; };
		1A4884D820C68DA600B42A09 /* Info.plist */ = {isa = PBXFileReference; lastKnownFileType = text.plist.xml; path = Info.plist; sourceTree = "<group>"; };
		1A4884E320C7396F00B42A09 /* TipCalcBrains.swift */ = {isa = PBXFileReference; lastKnownFileType = sourcecode.swift; path = TipCalcBrains.swift; sourceTree = "<group>"; };
/* End PBXFileReference section */

/* Begin PBXFrameworksBuildPhase section */
		1A4884BB20C68DA500B42A09 /* Frameworks */ = {
			isa = PBXFrameworksBuildPhase;
			buildActionMask = 2147483647;
			files = (
			);
			runOnlyForDeploymentPostprocessing = 0;
		};
		1A4884CF20C68DA600B42A09 /* Frameworks */ = {
			isa = PBXFrameworksBuildPhase;
			buildActionMask = 2147483647;
			files = (
			);
			runOnlyForDeploymentPostprocessing = 0;
		};
/* End PBXFrameworksBuildPhase section */

/* Begin PBXGroup section */
		1A4884B520C68DA500B42A09 = {
			isa = PBXGroup;
			children = (
				1A4884C020C68DA500B42A09 /* TipsyTipCalculator */,
				1A4884D520C68DA600B42A09 /* TipsyTipCalculatorTests */,
				1A4884BF20C68DA500B42A09 /* Products */,
			);
			sourceTree = "<group>";
		};
		1A4884BF20C68DA500B42A09 /* Products */ = {
			isa = PBXGroup;
			children = (
				1A4884BE20C68DA500B42A09 /* TipsyTipCalculator.app */,
				1A4884D220C68DA600B42A09 /* TipsyTipCalculatorTests.xctest */,
			);
			name = Products;
			sourceTree = "<group>";
		};
		1A4884C020C68DA500B42A09 /* TipsyTipCalculator */ = {
			isa = PBXGroup;
			children = (
				1A4884E220C7394C00B42A09 /* Controller */,
				1A4884E120C7392D00B42A09 /* Model */,
				1A4884C120C68DA500B42A09 /* AppDelegate.swift */,
				1A4884C520C68DA500B42A09 /* Main.storyboard */,
				1A4884C820C68DA600B42A09 /* Assets.xcassets */,
				1A4884CA20C68DA600B42A09 /* LaunchScreen.storyboard */,
				1A4884CD20C68DA600B42A09 /* Info.plist */,
			);
			path = TipsyTipCalculator;
			sourceTree = "<group>";
		};
		1A4884D520C68DA600B42A09 /* TipsyTipCalculatorTests */ = {
			isa = PBXGroup;
			children = (
				1A4884D620C68DA600B42A09 /* TipsyTipCalculatorTests.swift */,
				1A4884D820C68DA600B42A09 /* Info.plist */,
			);
			path = TipsyTipCalculatorTests;
			sourceTree = "<group>";
		};
		1A4884E120C7392D00B42A09 /* Model */ = {
			isa = PBXGroup;
			children = (
				1A4884E320C7396F00B42A09 /* TipCalcBrains.swift */,
			);
			path = Model;
			sourceTree = "<group>";
		};
		1A4884E220C7394C00B42A09 /* Controller */ = {
			isa = PBXGroup;
			children = (
				1A4884C320C68DA500B42A09 /* ViewController.swift */,
			);
			path = Controller;
			sourceTree = "<group>";
		};
/* End PBXGroup section */

/* Begin PBXNativeTarget section */
		1A4884BD20C68DA500B42A09 /* TipsyTipCalculator */ = {
			isa = PBXNativeTarget;
			buildConfigurationList = 1A4884DB20C68DA600B42A09 /* Build configuration list for PBXNativeTarget "TipsyTipCalculator" */;
			buildPhases = (
				1A4884BA20C68DA500B42A09 /* Sources */,
				1A4884BB20C68DA500B42A09 /* Frameworks */,
				1A4884BC20C68DA500B42A09 /* Resources */,
			);
			buildRules = (
			);
			dependencies = (
			);
			name = TipsyTipCalculator;
			productName = TipsyTipCalculator;
			productReference = 1A4884BE20C68DA500B42A09 /* TipsyTipCalculator.app */;
			productType = "com.apple.product-type.application";
		};
		1A4884D120C68DA600B42A09 /* TipsyTipCalculatorTests */ = {
			isa = PBXNativeTarget;
			buildConfigurationList = 1A4884DE20C68DA600B42A09 /* Build configuration list for PBXNativeTarget "TipsyTipCalculatorTests" */;
			buildPhases = (
				1A4884CE20C68DA600B42A09 /* Sources */,
				1A4884CF20C68DA600B42A09 /* Frameworks */,
				1A4884D020C68DA600B42A09 /* Resources */,
			);
			buildRules = (
			);
			dependencies = (
				1A4884D420C68DA600B42A09 /* PBXTargetDependency */,
			);
			name = TipsyTipCalculatorTests;
			productName = TipsyTipCalculatorTests;
			productReference = 1A4884D220C68DA600B42A09 /* TipsyTipCalculatorTests.xctest */;
			productType = "com.apple.product-type.bundle.unit-test";
		};
/* End PBXNativeTarget section */

/* Begin PBXProject section */
		1A4884B620C68DA500B42A09 /* Project object */ = {
			isa = PBXProject;
			attributes = {
				LastSwiftUpdateCheck = 0940;
				LastUpgradeCheck = 0940;
				ORGANIZATIONNAME = "James Campbell";
				TargetAttributes = {
					1A4884BD20C68DA500B42A09 = {
						CreatedOnToolsVersion = 9.4;
					};
					1A4884D120C68DA600B42A09 = {
						CreatedOnToolsVersion = 9.4;
						TestTargetID = 1A4884BD20C68DA500B42A09;
					};
				};
			};
			buildConfigurationList = 1A4884B920C68DA500B42A09 /* Build configuration list for PBXProject "TipsyTipCalculator" */;
			compatibilityVersion = "Xcode 9.3";
			developmentRegion = en;
			hasScannedForEncodings = 0;
			knownRegions = (
				en,
				Base,
			);
			mainGroup = 1A4884B520C68DA500B42A09;
			productRefGroup = 1A4884BF20C68DA500B42A09 /* Products */;
			projectDirPath = "";
			projectRoot = "";
			targets = (
				1A4884BD20C68DA500B42A09 /* TipsyTipCalculator */,
				1A4884D120C68DA600B42A09 /* TipsyTipCalculatorTests */,
			);
		};
/* End PBXProject section */

/* Begin PBXResourcesBuildPhase section */
		1A4884BC20C68DA500B42A09 /* Resources */ = {
			isa = PBXResourcesBuildPhase;
			buildActionMask = 2147483647;
			files = (
				1A4884CC20C68DA600B42A09 /* LaunchScreen.storyboard in Resources */,
				1A4884C920C68DA600B42A09 /* Assets.xcassets in Resources */,
				1A4884C720C68DA500B42A09 /* Main.storyboard in Resources */,
			);
			runOnlyForDeploymentPostprocessing = 0;
		};
		1A4884D020C68DA600B42A09 /* Resources */ = {
			isa = PBXResourcesBuildPhase;
			buildActionMask = 2147483647;
			files = (
			);
			runOnlyForDeploymentPostprocessing = 0;
		};
/* End PBXResourcesBuildPhase section */

/* Begin PBXSourcesBuildPhase section */
		1A4884BA20C68DA500B42A09 /* Sources */ = {
			isa = PBXSourcesBuildPhase;
			buildActionMask = 2147483647;
			files = (
				1A4884C420C68DA500B42A09 /* ViewController.swift in Sources */,
				1A4884C220C68DA500B42A09 /* AppDelegate.swift in Sources */,
				1A4884E420C7396F00B42A09 /* TipCalcBrains.swift in Sources */,
			);
			runOnlyForDeploymentPostprocessing = 0;
		};
		1A4884CE20C68DA600B42A09 /* Sources */ = {
			isa = PBXSourcesBuildPhase;
			buildActionMask = 2147483647;
			files = (
				1A4884D720C68DA600B42A09 /* TipsyTipCalculatorTests.swift in Sources */,
			);
			runOnlyForDeploymentPostprocessing = 0;
		};
/* End PBXSourcesBuildPhase section */

/* Begin PBXTargetDependency section */
		1A4884D420C68DA600B42A09 /* PBXTargetDependency */ = {
			isa = PBXTargetDependency;
			target = 1A4884BD20C68DA500B42A09 /* TipsyTipCalculator */;
			targetProxy = 1A4884D320C68DA600B42A09 /* PBXContainerItemProxy */;
		};
/* End PBXTargetDependency section */

/* Begin PBXVariantGroup section */
		1A4884C520C68DA500B42A09 /* Main.storyboard */ = {
			isa = PBXVariantGroup;
			children = (
				1A4884C620C68DA500B42A09 /* Base */,
			);
			name = Main.storyboard;
			sourceTree = "<group>";
		};
		1A4884CA20C68DA600B42A09 /* LaunchScreen.storyboard */ = {
			isa = PBXVariantGroup;
			children = (
				1A4884CB20C68DA600B42A09 /* Base */,
			);
			name = LaunchScreen.storyboard;
			sourceTree = "<group>";
		};
/* End PBXVariantGroup section */

/* Begin XCBuildConfiguration section */
		1A4884D920C68DA600B42A09 /* Debug */ = {
			isa = XCBuildConfiguration;
			buildSettings = {
				ALWAYS_SEARCH_USER_PATHS = NO;
				CLANG_ANALYZER_NONNULL = YES;
				CLANG_ANALYZER_NUMBER_OBJECT_CONVERSION = YES_AGGRESSIVE;
				CLANG_CXX_LANGUAGE_STANDARD = "gnu++14";
				CLANG_CXX_LIBRARY = "libc++";
				CLANG_ENABLE_MODULES = YES;
				CLANG_ENABLE_OBJC_ARC = YES;
				CLANG_ENABLE_OBJC_WEAK = YES;
				CLANG_WARN_BLOCK_CAPTURE_AUTORELEASING = YES;
				CLANG_WARN_BOOL_CONVERSION = YES;
				CLANG_WARN_COMMA = YES;
				CLANG_WARN_CONSTANT_CONVERSION = YES;
				CLANG_WARN_DEPRECATED_OBJC_IMPLEMENTATIONS = YES;
				CLANG_WARN_DIRECT_OBJC_ISA_USAGE = YES_ERROR;
				CLANG_WARN_DOCUMENTATION_COMMENTS = YES;
				CLANG_WARN_EMPTY_BODY = YES;
				CLANG_WARN_ENUM_CONVERSION = YES;
				CLANG_WARN_INFINITE_RECURSION = YES;
				CLANG_WARN_INT_CONVERSION = YES;
				CLANG_WARN_NON_LITERAL_NULL_CONVERSION = YES;
				CLANG_WARN_OBJC_IMPLICIT_RETAIN_SELF = YES;
				CLANG_WARN_OBJC_LITERAL_CONVERSION = YES;
				CLANG_WARN_OBJC_ROOT_CLASS = YES_ERROR;
				CLANG_WARN_RANGE_LOOP_ANALYSIS = YES;
				CLANG_WARN_STRICT_PROTOTYPES = YES;
				CLANG_WARN_SUSPICIOUS_MOVE = YES;
				CLANG_WARN_UNGUARDED_AVAILABILITY = YES_AGGRESSIVE;
				CLANG_WARN_UNREACHABLE_CODE = YES;
				CLANG_WARN__DUPLICATE_METHOD_MATCH = YES;
				CODE_SIGN_IDENTITY = "iPhone Developer";
				COPY_PHASE_STRIP = NO;
				DEBUG_INFORMATION_FORMAT = dwarf;
				ENABLE_STRICT_OBJC_MSGSEND = YES;
				ENABLE_TESTABILITY = YES;
				GCC_C_LANGUAGE_STANDARD = gnu11;
				GCC_DYNAMIC_NO_PIC = NO;
				GCC_NO_COMMON_BLOCKS = YES;
				GCC_OPTIMIZATION_LEVEL = 0;
				GCC_PREPROCESSOR_DEFINITIONS = (
					"DEBUG=1",
					"$(inherited)",
				);
				GCC_WARN_64_TO_32_BIT_CONVERSION = YES;
				GCC_WARN_ABOUT_RETURN_TYPE = YES_ERROR;
				GCC_WARN_UNDECLARED_SELECTOR = YES;
				GCC_WARN_UNINITIALIZED_AUTOS = YES_AGGRESSIVE;
				GCC_WARN_UNUSED_FUNCTION = YES;
				GCC_WARN_UNUSED_VARIABLE = YES;
				IPHONEOS_DEPLOYMENT_TARGET = 11.4;
				MTL_ENABLE_DEBUG_INFO = YES;
				ONLY_ACTIVE_ARCH = YES;
				SDKROOT = iphoneos;
				SWIFT_ACTIVE_COMPILATION_CONDITIONS = DEBUG;
				SWIFT_OPTIMIZATION_LEVEL = "-Onone";
			};
			name = Debug;
		};
		1A4884DA20C68DA600B42A09 /* Release */ = {
			isa = XCBuildConfiguration;
			buildSettings = {
				ALWAYS_SEARCH_USER_PATHS = NO;
				CLANG_ANALYZER_NONNULL = YES;
				CLANG_ANALYZER_NUMBER_OBJECT_CONVERSION = YES_AGGRESSIVE;
				CLANG_CXX_LANGUAGE_STANDARD = "gnu++14";
				CLANG_CXX_LIBRARY = "libc++";
				CLANG_ENABLE_MODULES = YES;
				CLANG_ENABLE_OBJC_ARC = YES;
				CLANG_ENABLE_OBJC_WEAK = YES;
				CLANG_WARN_BLOCK_CAPTURE_AUTORELEASING = YES;
				CLANG_WARN_BOOL_CONVERSION = YES;
				CLANG_WARN_COMMA = YES;
				CLANG_WARN_CONSTANT_CONVERSION = YES;
				CLANG_WARN_DEPRECATED_OBJC_IMPLEMENTATIONS = YES;
				CLANG_WARN_DIRECT_OBJC_ISA_USAGE = YES_ERROR;
				CLANG_WARN_DOCUMENTATION_COMMENTS = YES;
				CLANG_WARN_EMPTY_BODY = YES;
				CLANG_WARN_ENUM_CONVERSION = YES;
				CLANG_WARN_INFINITE_RECURSION = YES;
				CLANG_WARN_INT_CONVERSION = YES;
				CLANG_WARN_NON_LITERAL_NULL_CONVERSION = YES;
				CLANG_WARN_OBJC_IMPLICIT_RETAIN_SELF = YES;
				CLANG_WARN_OBJC_LITERAL_CONVERSION = YES;
				CLANG_WARN_OBJC_ROOT_CLASS = YES_ERROR;
				CLANG_WARN_RANGE_LOOP_ANALYSIS = YES;
				CLANG_WARN_STRICT_PROTOTYPES = YES;
				CLANG_WARN_SUSPICIOUS_MOVE = YES;
				CLANG_WARN_UNGUARDED_AVAILABILITY = YES_AGGRESSIVE;
				CLANG_WARN_UNREACHABLE_CODE = YES;
				CLANG_WARN__DUPLICATE_METHOD_MATCH = YES;
				CODE_SIGN_IDENTITY = "iPhone Developer";
				COPY_PHASE_STRIP = NO;
				DEBUG_INFORMATION_FORMAT = "dwarf-with-dsym";
				ENABLE_NS_ASSERTIONS = NO;
				ENABLE_STRICT_OBJC_MSGSEND = YES;
				GCC_C_LANGUAGE_STANDARD = gnu11;
				GCC_NO_COMMON_BLOCKS = YES;
				GCC_WARN_64_TO_32_BIT_CONVERSION = YES;
				GCC_WARN_ABOUT_RETURN_TYPE = YES_ERROR;
				GCC_WARN_UNDECLARED_SELECTOR = YES;
				GCC_WARN_UNINITIALIZED_AUTOS = YES_AGGRESSIVE;
				GCC_WARN_UNUSED_FUNCTION = YES;
				GCC_WARN_UNUSED_VARIABLE = YES;
				IPHONEOS_DEPLOYMENT_TARGET = 11.4;
				MTL_ENABLE_DEBUG_INFO = NO;
				SDKROOT = iphoneos;
				SWIFT_COMPILATION_MODE = wholemodule;
				SWIFT_OPTIMIZATION_LEVEL = "-O";
				VALIDATE_PRODUCT = YES;
			};
			name = Release;
		};
		1A4884DC20C68DA600B42A09 /* Debug */ = {
			isa = XCBuildConfiguration;
			buildSettings = {
				ASSETCATALOG_COMPILER_APPICON_NAME = AppIcon;
				CODE_SIGN_STYLE = Automatic;
				INFOPLIST_FILE = TipsyTipCalculator/Info.plist;
				LD_RUNPATH_SEARCH_PATHS = (
					"$(inherited)",
					"@executable_path/Frameworks",
				);
				PRODUCT_BUNDLE_IDENTIFIER = com.Example.TipsyTipCalculator;
				PRODUCT_NAME = "$(TARGET_NAME)";
				SWIFT_VERSION = 4.0;
				TARGETED_DEVICE_FAMILY = "1,2";
			};
			name = Debug;
		};
		1A4884DD20C68DA600B42A09 /* Release */ = {
			isa = XCBuildConfiguration;
			buildSettings = {
				ASSETCATALOG_COMPILER_APPICON_NAME = AppIcon;
				CODE_SIGN_STYLE = Automatic;
				INFOPLIST_FILE = TipsyTipCalculator/Info.plist;
				LD_RUNPATH_SEARCH_PATHS = (
					"$(inherited)",
					"@executable_path/Frameworks",
				);
				PRODUCT_BUNDLE_IDENTIFIER = com.Example.TipsyTipCalculator;
				PRODUCT_NAME = "$(TARGET_NAME)";
				SWIFT_VERSION = 4.0;
				TARGETED_DEVICE_FAMILY = "1,2";
			};
			name = Release;
		};
		1A4884DF20C68DA600B42A09 /* Debug */ = {
			isa = XCBuildConfiguration;
			buildSettings = {
				ALWAYS_EMBED_SWIFT_STANDARD_LIBRARIES = YES;
				BUNDLE_LOADER = "$(TEST_HOST)";
				CODE_SIGN_STYLE = Automatic;
				INFOPLIST_FILE = TipsyTipCalculatorTests/Info.plist;
				LD_RUNPATH_SEARCH_PATHS = (
					"$(inherited)",
					"@executable_path/Frameworks",
					"@loader_path/Frameworks",
				);
				PRODUCT_BUNDLE_IDENTIFIER = com.Example.TipsyTipCalculatorTests;
				PRODUCT_NAME = "$(TARGET_NAME)";
				SWIFT_VERSION = 4.0;
				TARGETED_DEVICE_FAMILY = "1,2";
				TEST_HOST = "$(BUILT_PRODUCTS_DIR)/TipsyTipCalculator.app/TipsyTipCalculator";
			};
			name = Debug;
		};
		1A4884E020C68DA600B42A09 /* Release */ = {
			isa = XCBuildConfiguration;
			buildSettings = {
				ALWAYS_EMBED_SWIFT_STANDARD_LIBRARIES = YES;
				BUNDLE_LOADER = "$(TEST_HOST)";
				CODE_SIGN_STYLE = Automatic;
				INFOPLIST_FILE = TipsyTipCalculatorTests/Info.plist;
				LD_RUNPATH_SEARCH_PATHS = (
					"$(inherited)",
					"@executable_path/Frameworks",
					"@loader_path/Frameworks",
				);
				PRODUCT_BUNDLE_IDENTIFIER = com.Example.TipsyTipCalculatorTests;
				PRODUCT_NAME = "$(TARGET_NAME)";
				SWIFT_VERSION = 4.0;
				TARGETED_DEVICE_FAMILY = "1,2";
				TEST_HOST = "$(BUILT_PRODUCTS_DIR)/TipsyTipCalculator.app/TipsyTipCalculator";
			};
			name = Release;
		};
/* End XCBuildConfiguration section */

/* Begin XCConfigurationList section */
		1A4884B920C68DA500B42A09 /* Build configuration list for PBXProject "TipsyTipCalculator" */ = {
			isa = XCConfigurationList;
			buildConfigurations = (
				1A4884D920C68DA600B42A09 /* Debug */,
				1A4884DA20C68DA600B42A09 /* Release */,
			);
			defaultConfigurationIsVisible = 0;
			defaultConfigurationName = Release;
		};
		1A4884DB20C68DA600B42A09 /* Build configuration list for PBXNativeTarget "TipsyTipCalculator" */ = {
			isa = XCConfigurationList;
			buildConfigurations = (
				1A4884DC20C68DA600B42A09 /* Debug */,
				1A4884DD20C68DA600B42A09 /* Release */,
			);
			defaultConfigurationIsVisible = 0;
			defaultConfigurationName = Release;
		};
		1A4884DE20C68DA600B42A09 /* Build configuration list for PBXNativeTarget "TipsyTipCalculatorTests" */ = {
			isa = XCConfigurationList;
			buildConfigurations = (
				1A4884DF20C68DA600B42A09 /* Debug */,
				1A4884E020C68DA600B42A09 /* Release */,
			);
			defaultConfigurationIsVisible = 0;
			defaultConfigurationName = Release;
		};
/* End XCConfigurationList section */
	};
	rootObject = 1A4884B620C68DA500B42A09 /* Project object */;
}
